
Microsoft Visual Studio Solution File, Format Version 12.00
# Visual Studio Version 17
VisualStudioVersion = 17.2.32616.157
MinimumVisualStudioVersion = 10.0.40219.1
Project("{FAE04EC0-301F-11D3-BF4B-00C04F79EFBC}") = "ExperimentTreeViewV2", "ExperimentTreeViewV2\ExperimentTreeViewV2.csproj", "{A7CAFD35-AC12-49F8-BC9A-03C79C7761C8}"
EndProject
Global
	GlobalSection(SolutionConfigurationPlatforms) = preSolution
		Debug|Any CPU = Debug|Any CPU
		Release|Any CPU = Release|Any CPU
	EndGlobalSection
	GlobalSection(ProjectConfigurationPlatforms) = postSolution
		{A7CAFD35-AC12-49F8-BC9A-03C79C7761C8}.Debug|Any CPU.ActiveCfg = Debug|Any CPU
		{A7CAFD35-AC12-49F8-BC9A-03C79C7761C8}.Debug|Any CPU.Build.0 = Debug|Any CPU
		{A7CAFD35-AC12-49F8-BC9A-03C79C7761C8}.Release|Any CPU.ActiveCfg = Release|Any CPU
		{A7CAFD35-AC12-49F8-BC9A-03C79C7761C8}.Release|Any CPU.Build.0 = Release|Any CPU
	EndGlobalSection
	GlobalSection(SolutionProperties) = preSolution
		HideSolutionNode = FALSE
	EndGlobalSection
	GlobalSection(ExtensibilityGlobals) = postSolution
		SolutionGuid = {6CCD4E28-83E3-4676-8211-C179C8A67912}
	EndGlobalSection
EndGlobal
